Microsoft Visual Studio Solution File, Format Version 12.00
# Visual Studio Version 17
VisualStudioVersion = 17.5.2.0
MinimumVisualStudioVersion = 10.0.40219.1
Project("{FAE04EC0-301F-11D3-BF4B-00C04F79EFBC}") = "MOVYN_Api", "MOVYN_Api.csproj", "{7C40B0D8-EF20-0C12-5741-F7F3A1E7F624}"
EndProject
Global
	GlobalSection(SolutionConfigurationPlatforms) = preSolution
		Debug|Any CPU = Debug|Any CPU
		Release|Any CPU = Release|Any CPU
	EndGlobalSection
	GlobalSection(ProjectConfigurationPlatforms) = postSolution
		{7C40B0D8-EF20-0C12-5741-F7F3A1E7F624}.Debug|Any CPU.ActiveCfg = Debug|Any CPU
		{7C40B0D8-EF20-0C12-5741-F7F3A1E7F624}.Debug|Any CPU.Build.0 = Debug|Any CPU
		{7C40B0D8-EF20-0C12-5741-F7F3A1E7F624}.Release|Any CPU.ActiveCfg = Release|Any CPU
		{7C40B0D8-EF20-0C12-5741-F7F3A1E7F624}.Release|Any CPU.Build.0 = Release|Any CPU
	EndGlobalSection
	GlobalSection(SolutionProperties) = preSolution
		HideSolutionNode = FALSE
	EndGlobalSection
	GlobalSection(ExtensibilityGlobals) = postSolution
		SolutionGuid = {F04FF4D1-9109-4201-A610-AC6E204FBA70}
	EndGlobalSection
EndGlobal
